
Microsoft Visual Studio Solution File, Format Version 12.00
# Visual Studio 15
VisualStudioVersion = 15.0.26020.0
MinimumVisualStudioVersion = 10.0.40219.1
Project("{FAE04EC0-301F-11D3-BF4B-00C04F79EFBC}") = "Zhegalkin", "Zhegalkin\Zhegalkin.csproj", "{B5AB0579-1838-4A7A-A725-A1CFB834FC77}"
EndProject
Global
	GlobalSection(SolutionConfigurationPlatforms) = preSolution
		Debug|Any CPU = Debug|Any CPU
		Release|Any CPU = Release|Any CPU
	EndGlobalSection
	GlobalSection(ProjectConfigurationPlatforms) = postSolution
		{B5AB0579-1838-4A7A-A725-A1CFB834FC77}.Debug|Any CPU.ActiveCfg = Debug|Any CPU
		{B5AB0579-1838-4A7A-A725-A1CFB834FC77}.Debug|Any CPU.Build.0 = Debug|Any CPU
		{B5AB0579-1838-4A7A-A725-A1CFB834FC77}.Release|Any CPU.ActiveCfg = Release|Any CPU
		{B5AB0579-1838-4A7A-A725-A1CFB834FC77}.Release|Any CPU.Build.0 = Release|Any CPU
	EndGlobalSection
	GlobalSection(SolutionProperties) = preSolution
		HideSolutionNode = FALSE
	EndGlobalSection
EndGlobal
